
Microsoft Visual Studio Solution File, Format Version 12.00
# Visual Studio Version 17
VisualStudioVersion = 17.5.002.0
MinimumVisualStudioVersion = 10.0.40219.1
Project("{2150E333-8FDC-42A3-9474-1A3956D46DE8}") = "Labfiles", "Labfiles", "{62F579DF-4E4D-4A81-AD42-51D72BA92016}"
EndProject
Project("{2150E333-8FDC-42A3-9474-1A3956D46DE8}") = "07-speech", "07-speech", "{EA634CD1-503B-460F-A441-5E422359C7CC}"
EndProject
Project("{2150E333-8FDC-42A3-9474-1A3956D46DE8}") = "C-Sharp", "C-Sharp", "{04255D2E-6B59-46C4-AC62-00B18ACD6B69}"
EndProject
Project("{9A19103F-16F7-4668-BE54-9A1E7A4F7556}") = "speaking-clock", "Labfiles\07-speech\C-Sharp\speaking-clock\speaking-clock.csproj", "{EADAA077-5A46-4567-9354-380044E494F4}"
EndProject
Project("{2150E333-8FDC-42A3-9474-1A3956D46DE8}") = "08-speech-translation", "08-speech-translation", "{201A9820-4B11-40C3-8A31-AC28BF199550}"
EndProject
Project("{2150E333-8FDC-42A3-9474-1A3956D46DE8}") = "C-Sharp", "C-Sharp", "{CF33036E-617D-44A0-B8B2-D5EC3427C5C7}"
EndProject
Project("{9A19103F-16F7-4668-BE54-9A1E7A4F7556}") = "translator", "Labfiles\08-speech-translation\C-Sharp\translator\translator.csproj", "{1C8D52BB-E945-4F5C-8B55-B858CE1B21C4}"
EndProject
Project("{2150E333-8FDC-42A3-9474-1A3956D46DE8}") = "06b-translator-sdk", "06b-translator-sdk", "{CF466CF4-C680-47FF-B2E9-993265D5EF82}"
EndProject
Project("{2150E333-8FDC-42A3-9474-1A3956D46DE8}") = "C-Sharp", "C-Sharp", "{22138A31-1A8D-4405-8C59-190E96DC6AE4}"
EndProject
Project("{9A19103F-16F7-4668-BE54-9A1E7A4F7556}") = "translate_text", "Labfiles\06b-translator-sdk\C-Sharp\translate-text\translate_text.csproj", "{8DE64418-2551-408C-939E-C64DF4D50701}"
EndProject
Project("{2150E333-8FDC-42A3-9474-1A3956D46DE8}") = "02-qna", "02-qna", "{D2A4573F-7EC4-4919-BB76-9B2591926606}"
EndProject
Project("{2150E333-8FDC-42A3-9474-1A3956D46DE8}") = "C-Sharp", "C-Sharp", "{E0F3AF9A-BF52-4758-86C2-D02D497F66E2}"
EndProject
Project("{9A19103F-16F7-4668-BE54-9A1E7A4F7556}") = "qna-app", "Labfiles\02-qna\C-Sharp\qna-app\qna-app.csproj", "{323C2C5F-E5A2-413C-B919-039BD338D237}"
EndProject
Project("{2150E333-8FDC-42A3-9474-1A3956D46DE8}") = "03-language", "03-language", "{5F2FCE2D-971C-4318-93CC-789A57596BB7}"
EndProject
Project("{2150E333-8FDC-42A3-9474-1A3956D46DE8}") = "C-Sharp", "C-Sharp", "{8998259D-CBA6-4971-8BA8-B70FF4E80314}"
EndProject
Project("{9A19103F-16F7-4668-BE54-9A1E7A4F7556}") = "clock_client", "Labfiles\03-language\C-Sharp\clock-client\clock_client.csproj", "{C45BBB37-2F4F-4B2A-AA6F-C9AC82B0575F}"
EndProject
Project("{2150E333-8FDC-42A3-9474-1A3956D46DE8}") = "03b-language-app", "03b-language-app", "{73E73154-BAF2-405C-847B-4CFAD5D6F913}"
EndProject
Project("{2150E333-8FDC-42A3-9474-1A3956D46DE8}") = "C-Sharp", "C-Sharp", "{6A155797-6209-47DB-9882-321EBCF7CD71}"
EndProject
Project("{9A19103F-16F7-4668-BE54-9A1E7A4F7556}") = "clock_client", "Labfiles\03b-language-app\C-Sharp\clock-client\clock_client.csproj", "{5CCE72F1-BF36-4103-AF1A-00110D8BC1C1}"
EndProject
Project("{2150E333-8FDC-42A3-9474-1A3956D46DE8}") = "04-text-classification", "04-text-classification", "{CEA2FEC7-A251-4709-A35F-A5537EED7147}"
EndProject
Project("{2150E333-8FDC-42A3-9474-1A3956D46DE8}") = "C-Sharp", "C-Sharp", "{5FFB2230-5098-4B49-8EE0-BBC01EE31837}"
EndProject
Project("{9A19103F-16F7-4668-BE54-9A1E7A4F7556}") = "classify-text", "Labfiles\04-text-classification\C-Sharp\classify-text\classify-text.csproj", "{02572967-1675-461B-B235-B1C5F5166AE1}"
EndProject
Project("{2150E333-8FDC-42A3-9474-1A3956D46DE8}") = "06-translate-text", "06-translate-text", "{32937ACE-AB18-48F6-9E49-9F9178B28609}"
EndProject
Project("{2150E333-8FDC-42A3-9474-1A3956D46DE8}") = "C-Sharp", "C-Sharp", "{0B9F2ED7-C6D8-4BC7-A933-E62549E9B04E}"
EndProject
Project("{9A19103F-16F7-4668-BE54-9A1E7A4F7556}") = "translate_text", "Labfiles\06-translate-text\C-Sharp\text-translation\translate_text.csproj", "{D213FFB5-EF7F-40DD-B22E-1167CEC25730}"
EndProject
Project("{2150E333-8FDC-42A3-9474-1A3956D46DE8}") = "01-analyze-text", "01-analyze-text", "{3710DC76-1F92-4CED-8469-E7E069F71628}"
EndProject
Project("{2150E333-8FDC-42A3-9474-1A3956D46DE8}") = "C-Sharp", "C-Sharp", "{3D71246F-1FB4-4B66-9B98-ACD7CC93E5CC}"
EndProject
Project("{9A19103F-16F7-4668-BE54-9A1E7A4F7556}") = "text-analysis", "Labfiles\01-analyze-text\C-Sharp\text-analysis\text-analysis.csproj", "{C8CFBC84-1C4C-44B7-994E-A413598FE8A8}"
EndProject
Project("{2150E333-8FDC-42A3-9474-1A3956D46DE8}") = "05-custom-entity-recognition", "05-custom-entity-recognition", "{E945F84C-172B-4BE3-8E1E-0ECFCB3091E0}"
EndProject
Project("{2150E333-8FDC-42A3-9474-1A3956D46DE8}") = "C-Sharp", "C-Sharp", "{C5B9479D-E3CE-4025-9CFC-4F06A9665E69}"
EndProject
Project("{9A19103F-16F7-4668-BE54-9A1E7A4F7556}") = "custom-entities", "Labfiles\05-custom-entity-recognition\C-Sharp\custom-entities\custom-entities.csproj", "{70E219D0-486C-4A84-BBB2-CA8D0BC3BDD9}"
EndProject
Global
	GlobalSection(SolutionConfigurationPlatforms) = preSolution
		Debug|Any CPU = Debug|Any CPU
		Release|Any CPU = Release|Any CPU
	EndGlobalSection
	GlobalSection(ProjectConfigurationPlatforms) = postSolution
		{EADAA077-5A46-4567-9354-380044E494F4}.Debug|Any CPU.ActiveCfg = Debug|Any CPU
		{EADAA077-5A46-4567-9354-380044E494F4}.Debug|Any CPU.Build.0 = Debug|Any CPU
		{EADAA077-5A46-4567-9354-380044E494F4}.Release|Any CPU.ActiveCfg = Release|Any CPU
		{EADAA077-5A46-4567-9354-380044E494F4}.Release|Any CPU.Build.0 = Release|Any CPU
		{1C8D52BB-E945-4F5C-8B55-B858CE1B21C4}.Debug|Any CPU.ActiveCfg = Debug|Any CPU
		{1C8D52BB-E945-4F5C-8B55-B858CE1B21C4}.Debug|Any CPU.Build.0 = Debug|Any CPU
		{1C8D52BB-E945-4F5C-8B55-B858CE1B21C4}.Release|Any CPU.ActiveCfg = Release|Any CPU
		{1C8D52BB-E945-4F5C-8B55-B858CE1B21C4}.Release|Any CPU.Build.0 = Release|Any CPU
		{8DE64418-2551-408C-939E-C64DF4D50701}.Debug|Any CPU.ActiveCfg = Debug|Any CPU
		{8DE64418-2551-408C-939E-C64DF4D50701}.Debug|Any CPU.Build.0 = Debug|Any CPU
		{8DE64418-2551-408C-939E-C64DF4D50701}.Release|Any CPU.ActiveCfg = Release|Any CPU
		{8DE64418-2551-408C-939E-C64DF4D50701}.Release|Any CPU.Build.0 = Release|Any CPU
		{323C2C5F-E5A2-413C-B919-039BD338D237}.Debug|Any CPU.ActiveCfg = Debug|Any CPU
		{323C2C5F-E5A2-413C-B919-039BD338D237}.Debug|Any CPU.Build.0 = Debug|Any CPU
		{323C2C5F-E5A2-413C-B919-039BD338D237}.Release|Any CPU.ActiveCfg = Release|Any CPU
		{323C2C5F-E5A2-413C-B919-039BD338D237}.Release|Any CPU.Build.0 = Release|Any CPU
		{C45BBB37-2F4F-4B2A-AA6F-C9AC82B0575F}.Debug|Any CPU.ActiveCfg = Debug|Any CPU
		{C45BBB37-2F4F-4B2A-AA6F-C9AC82B0575F}.Debug|Any CPU.Build.0 = Debug|Any CPU
		{C45BBB37-2F4F-4B2A-AA6F-C9AC82B0575F}.Release|Any CPU.ActiveCfg = Release|Any CPU
		{C45BBB37-2F4F-4B2A-AA6F-C9AC82B0575F}.Release|Any CPU.Build.0 = Release|Any CPU
		{5CCE72F1-BF36-4103-AF1A-00110D8BC1C1}.Debug|Any CPU.ActiveCfg = Debug|Any CPU
		{5CCE72F1-BF36-4103-AF1A-00110D8BC1C1}.Debug|Any CPU.Build.0 = Debug|Any CPU
		{5CCE72F1-BF36-4103-AF1A-00110D8BC1C1}.Release|Any CPU.ActiveCfg = Release|Any CPU
		{5CCE72F1-BF36-4103-AF1A-00110D8BC1C1}.Release|Any CPU.Build.0 = Release|Any CPU
		{02572967-1675-461B-B235-B1C5F5166AE1}.Debug|Any CPU.ActiveCfg = Debug|Any CPU
		{02572967-1675-461B-B235-B1C5F5166AE1}.Debug|Any CPU.Build.0 = Debug|Any CPU
		{02572967-1675-461B-B235-B1C5F5166AE1}.Release|Any CPU.ActiveCfg = Release|Any CPU
		{02572967-1675-461B-B235-B1C5F5166AE1}.Release|Any CPU.Build.0 = Release|Any CPU
		{D213FFB5-EF7F-40DD-B22E-1167CEC25730}.Debug|Any CPU.ActiveCfg = Debug|Any CPU
		{D213FFB5-EF7F-40DD-B22E-1167CEC25730}.Debug|Any CPU.Build.0 = Debug|Any CPU
		{D213FFB5-EF7F-40DD-B22E-1167CEC25730}.Release|Any CPU.ActiveCfg = Release|Any CPU
		{D213FFB5-EF7F-40DD-B22E-1167CEC25730}.Release|Any CPU.Build.0 = Release|Any CPU
		{C8CFBC84-1C4C-44B7-994E-A413598FE8A8}.Debug|Any CPU.ActiveCfg = Debug|Any CPU
		{C8CFBC84-1C4C-44B7-994E-A413598FE8A8}.Debug|Any CPU.Build.0 = Debug|Any CPU
		{C8CFBC84-1C4C-44B7-994E-A413598FE8A8}.Release|Any CPU.ActiveCfg = Release|Any CPU
		{C8CFBC84-1C4C-44B7-994E-A413598FE8A8}.Release|Any CPU.Build.0 = Release|Any CPU
		{70E219D0-486C-4A84-BBB2-CA8D0BC3BDD9}.Debug|Any CPU.ActiveCfg = Debug|Any CPU
		{70E219D0-486C-4A84-BBB2-CA8D0BC3BDD9}.Debug|Any CPU.Build.0 = Debug|Any CPU
		{70E219D0-486C-4A84-BBB2-CA8D0BC3BDD9}.Release|Any CPU.ActiveCfg = Release|Any CPU
		{70E219D0-486C-4A84-BBB2-CA8D0BC3BDD9}.Release|Any CPU.Build.0 = Release|Any CPU
	EndGlobalSection
	GlobalSection(SolutionProperties) = preSolution
		HideSolutionNode = FALSE
	EndGlobalSection
	GlobalSection(NestedProjects) = preSolution
		{EA634CD1-503B-460F-A441-5E422359C7CC} = {62F579DF-4E4D-4A81-AD42-51D72BA92016}
		{04255D2E-6B59-46C4-AC62-00B18ACD6B69} = {EA634CD1-503B-460F-A441-5E422359C7CC}
		{EADAA077-5A46-4567-9354-380044E494F4} = {04255D2E-6B59-46C4-AC62-00B18ACD6B69}
		{201A9820-4B11-40C3-8A31-AC28BF199550} = {62F579DF-4E4D-4A81-AD42-51D72BA92016}
		{CF33036E-617D-44A0-B8B2-D5EC3427C5C7} = {201A9820-4B11-40C3-8A31-AC28BF199550}
		{1C8D52BB-E945-4F5C-8B55-B858CE1B21C4} = {CF33036E-617D-44A0-B8B2-D5EC3427C5C7}
		{CF466CF4-C680-47FF-B2E9-993265D5EF82} = {62F579DF-4E4D-4A81-AD42-51D72BA92016}
		{22138A31-1A8D-4405-8C59-190E96DC6AE4} = {CF466CF4-C680-47FF-B2E9-993265D5EF82}
		{8DE64418-2551-408C-939E-C64DF4D50701} = {22138A31-1A8D-4405-8C59-190E96DC6AE4}
		{D2A4573F-7EC4-4919-BB76-9B2591926606} = {62F579DF-4E4D-4A81-AD42-51D72BA92016}
		{E0F3AF9A-BF52-4758-86C2-D02D497F66E2} = {D2A4573F-7EC4-4919-BB76-9B2591926606}
		{323C2C5F-E5A2-413C-B919-039BD338D237} = {E0F3AF9A-BF52-4758-86C2-D02D497F66E2}
		{5F2FCE2D-971C-4318-93CC-789A57596BB7} = {62F579DF-4E4D-4A81-AD42-51D72BA92016}
		{8998259D-CBA6-4971-8BA8-B70FF4E80314} = {5F2FCE2D-971C-4318-93CC-789A57596BB7}
		{C45BBB37-2F4F-4B2A-AA6F-C9AC82B0575F} = {8998259D-CBA6-4971-8BA8-B70FF4E80314}
		{73E73154-BAF2-405C-847B-4CFAD5D6F913} = {62F579DF-4E4D-4A81-AD42-51D72BA92016}
		{6A155797-6209-47DB-9882-321EBCF7CD71} = {73E73154-BAF2-405C-847B-4CFAD5D6F913}
		{5CCE72F1-BF36-4103-AF1A-00110D8BC1C1} = {6A155797-6209-47DB-9882-321EBCF7CD71}
		{CEA2FEC7-A251-4709-A35F-A5537EED7147} = {62F579DF-4E4D-4A81-AD42-51D72BA92016}
		{5FFB2230-5098-4B49-8EE0-BBC01EE31837} = {CEA2FEC7-A251-4709-A35F-A5537EED7147}
		{02572967-1675-461B-B235-B1C5F5166AE1} = {5FFB2230-5098-4B49-8EE0-BBC01EE31837}
		{32937ACE-AB18-48F6-9E49-9F9178B28609} = {62F579DF-4E4D-4A81-AD42-51D72BA92016}
		{0B9F2ED7-C6D8-4BC7-A933-E62549E9B04E} = {32937ACE-AB18-48F6-9E49-9F9178B28609}
		{D213FFB5-EF7F-40DD-B22E-1167CEC25730} = {0B9F2ED7-C6D8-4BC7-A933-E62549E9B04E}
		{3710DC76-1F92-4CED-8469-E7E069F71628} = {62F579DF-4E4D-4A81-AD42-51D72BA92016}
		{3D71246F-1FB4-4B66-9B98-ACD7CC93E5CC} = {3710DC76-1F92-4CED-8469-E7E069F71628}
		{C8CFBC84-1C4C-44B7-994E-A413598FE8A8} = {3D71246F-1FB4-4B66-9B98-ACD7CC93E5CC}
		{E945F84C-172B-4BE3-8E1E-0ECFCB3091E0} = {62F579DF-4E4D-4A81-AD42-51D72BA92016}
		{C5B9479D-E3CE-4025-9CFC-4F06A9665E69} = {E945F84C-172B-4BE3-8E1E-0ECFCB3091E0}
		{70E219D0-486C-4A84-BBB2-CA8D0BC3BDD9} = {C5B9479D-E3CE-4025-9CFC-4F06A9665E69}
	EndGlobalSection
	GlobalSection(ExtensibilityGlobals) = postSolution
		SolutionGuid = {62CEFCD9-5CAD-4FB7-A5B8-EAE53E735A03}
	EndGlobalSection
EndGlobal
